
Microsoft Visual Studio Solution File, Format Version 11.00
# Visual Studio 2010
Project("{5891B814-A2E0-4E64-9A2F-2C2ECAB940FE}") = "rightSLE_WPF", "rightSLE_WPF.vnproj", "{F380C225-D1A0-4F6D-91DD-9B2816364438}"
EndProject
Global
	GlobalSection(SolutionConfigurationPlatforms) = preSolution
		Debug|Any CPU = Debug|Any CPU
		Release|Any CPU = Release|Any CPU
	EndGlobalSection
	GlobalSection(ProjectConfigurationPlatforms) = postSolution
		{F380C225-D1A0-4F6D-91DD-9B2816364438}.Debug|Any CPU.ActiveCfg = Debug|Any CPU
		{F380C225-D1A0-4F6D-91DD-9B2816364438}.Debug|Any CPU.Build.0 = Debug|Any CPU
		{F380C225-D1A0-4F6D-91DD-9B2816364438}.Release|Any CPU.ActiveCfg = Release|Any CPU
		{F380C225-D1A0-4F6D-91DD-9B2816364438}.Release|Any CPU.Build.0 = Release|Any CPU
	EndGlobalSection
	GlobalSection(SolutionProperties) = preSolution
		HideSolutionNode = FALSE
	EndGlobalSection
EndGlobal
