
Microsoft Visual Studio Solution File, Format Version 12.00
# Visual Studio Version 17
VisualStudioVersion = 17.4.33122.133
MinimumVisualStudioVersion = 10.0.40219.1
Project("{AA6C8D78-22FF-423A-9C7C-5F2393824E04}") = "Banco", "Banco\Banco.xsproj", "{0599A978-2A64-449C-B367-757F6A1F9EB8}"
EndProject
Project("{AA6C8D78-22FF-423A-9C7C-5F2393824E04}") = "checagem", "checagem\checagem.xsproj", "{91F5A977-216A-4591-9E7A-BC3526FEE24F}"
EndProject
Project("{AA6C8D78-22FF-423A-9C7C-5F2393824E04}") = "CRM", "CRM\CRM.xsproj", "{8FEB4D97-7DF3-457A-BF27-ADCD603ED700}"
EndProject
Project("{AA6C8D78-22FF-423A-9C7C-5F2393824E04}") = "Custo", "Custo\Custo.xsproj", "{0823537B-52EF-441F-A2F1-F8D4A38E93AB}"
EndProject
Project("{AA6C8D78-22FF-423A-9C7C-5F2393824E04}") = "Emailprg", "Emailprg\Emailprg.xsproj", "{C31B2453-CA15-40ED-87E4-38B1CED641C2}"
EndProject
Project("{AA6C8D78-22FF-423A-9C7C-5F2393824E04}") = "Engenharia", "Engenharia\Engenharia.xsproj", "{8392522E-B59B-4901-94AF-C6A28BD1D39B}"
EndProject
Project("{AA6C8D78-22FF-423A-9C7C-5F2393824E04}") = "esccodmon", "esccodmon\esccodmon.xsproj", "{B70C2FCF-2F9E-45B9-B780-D9A82056831C}"
EndProject
Project("{AA6C8D78-22FF-423A-9C7C-5F2393824E04}") = "escferram", "escferram\escferram.xsproj", "{E0DC4BB9-4528-450F-AC24-7DC3B62061E5}"
EndProject
Project("{AA6C8D78-22FF-423A-9C7C-5F2393824E04}") = "escnumnom", "escnumnom\escnumnom.xsproj", "{CBA4B424-C0DE-4F86-9D50-F426DD7EA099}"
EndProject
Project("{AA6C8D78-22FF-423A-9C7C-5F2393824E04}") = "escolhemp04", "escolhemp04\escolhemp04.xsproj", "{47215673-C8DC-4E7B-9AF4-8A316A3B26EC}"
EndProject
Project("{AA6C8D78-22FF-423A-9C7C-5F2393824E04}") = "escpf", "escpf\escpf.xsproj", "{E6085FB6-FA63-44EB-AA39-A7260F0030F7}"
EndProject
Project("{AA6C8D78-22FF-423A-9C7C-5F2393824E04}") = "Ferramental", "Ferramental\Ferramental.xsproj", "{2A6E3FA9-539C-4545-8B71-8244C82F83E4}"
EndProject
Project("{AA6C8D78-22FF-423A-9C7C-5F2393824E04}") = "final", "final\final.xsproj", "{DAA80735-93E9-4EC2-BE93-2458C6948994}"
EndProject
Project("{AA6C8D78-22FF-423A-9C7C-5F2393824E04}") = "folhapto", "folhapto\folhapto.xsproj", "{76D14B47-5B0A-4801-B2DE-AA08F2F55EF2}"
EndProject
Project("{AA6C8D78-22FF-423A-9C7C-5F2393824E04}") = "Instrumentos", "Instrumentos\Instrumentos.xsproj", "{DFB3E267-A28E-4423-80D0-A8755FB96E8D}"
EndProject
Project("{AA6C8D78-22FF-423A-9C7C-5F2393824E04}") = "jOSCRT", "jOSCRT\jOSCRT.xsproj", "{70AF34E1-68B8-4950-84FB-A4564455676D}"
EndProject
Project("{AA6C8D78-22FF-423A-9C7C-5F2393824E04}") = "Login", "Login\Login.xsproj", "{C74D47F3-832A-4082-8F2D-17E303CBB3DA}"
EndProject
Project("{AA6C8D78-22FF-423A-9C7C-5F2393824E04}") = "Logix", "Logix\Logix.xsproj", "{3B620C79-B95A-4A87-ADD7-B59A97BE78C1}"
EndProject
Project("{AA6C8D78-22FF-423A-9C7C-5F2393824E04}") = "MA01.JAN", "MA01.JAN\MA01.JAN.xsproj", "{9FD9AEBB-5999-4610-816E-58B1E68C5913}"
EndProject
Project("{AA6C8D78-22FF-423A-9C7C-5F2393824E04}") = "Mail", "Mail\Mail.xsproj", "{82484E5D-4FD7-4F59-9077-821F3F7C750B}"
EndProject
Project("{AA6C8D78-22FF-423A-9C7C-5F2393824E04}") = "MB01.jan", "MB01.jan\MB01.jan.xsproj", "{5FDCFBEC-5D5C-41ED-A55A-6F40554B5152}"
EndProject
Project("{AA6C8D78-22FF-423A-9C7C-5F2393824E04}") = "Me04.jan", "Me04.jan\Me04.jan.xsproj", "{26E915F8-5C7D-4746-B87C-6EBCF336E4C6}"
EndProject
Project("{AA6C8D78-22FF-423A-9C7C-5F2393824E04}") = "mlibwvo27", "mlibwvo27\mlibwvo27.xsproj", "{4BF79407-1C84-4CB1-88E6-D3F435490AFB}"
EndProject
Project("{AA6C8D78-22FF-423A-9C7C-5F2393824E04}") = "MP04.Jan", "MP04.Jan\MP04.Jan.xsproj", "{FD34DE45-2EC6-44A6-B589-9E91F4ECEFCF}"
EndProject
Project("{AA6C8D78-22FF-423A-9C7C-5F2393824E04}") = "MP05.JAN", "MP05.JAN\MP05.JAN.xsproj", "{A45E7076-EAF2-420C-96FE-292C763BC05D}"
EndProject
Project("{AA6C8D78-22FF-423A-9C7C-5F2393824E04}") = "msseqcom", "msseqcom\msseqcom.xsproj", "{B14CC476-66DB-4D4C-97AB-377543A9DE40}"
EndProject
Project("{AA6C8D78-22FF-423A-9C7C-5F2393824E04}") = "PCP", "PCP\PCP.xsproj", "{A86B4612-1E6F-47B7-8225-D35826E59122}"
EndProject
Project("{AA6C8D78-22FF-423A-9C7C-5F2393824E04}") = "peg.met", "peg.met\peg.met.xsproj", "{B1F0F2CE-18C1-4AC6-B6DB-A20F12E81432}"
EndProject
Project("{AA6C8D78-22FF-423A-9C7C-5F2393824E04}") = "Producao", "Producao\Producao.xsproj", "{58659F61-DC71-4302-8AF2-A70DAABE2944}"
EndProject
Project("{AA6C8D78-22FF-423A-9C7C-5F2393824E04}") = "Qualidade", "Qualidade\Qualidade.xsproj", "{ECB1357D-F2A5-48C7-BE21-047C09BD1A14}"
EndProject
Project("{AA6C8D78-22FF-423A-9C7C-5F2393824E04}") = "RH", "RH\RH.xsproj", "{2FF24B9C-BA3D-40BD-8105-B6DA17FC84DD}"
EndProject
Project("{AA6C8D78-22FF-423A-9C7C-5F2393824E04}") = "rh_pto", "rh_pto\rh_pto.xsproj", "{FAAB6A04-22A6-4CC0-90A8-FE7980A12FC9}"
EndProject
Project("{AA6C8D78-22FF-423A-9C7C-5F2393824E04}") = "Sintegra", "Sintegra\Sintegra.xsproj", "{095EF471-1324-462A-99FB-97A41C6B6D91}"
EndProject
Project("{AA6C8D78-22FF-423A-9C7C-5F2393824E04}") = "sistema", "sistema\sistema.xsproj", "{D260B57B-C8DD-4A07-9CB0-8BB444FB098C}"
EndProject
Project("{AA6C8D78-22FF-423A-9C7C-5F2393824E04}") = "SomaAno", "SomaAno\SomaAno.xsproj", "{1DA7463B-8F8E-4EE7-A783-827C4C1783DC}"
EndProject
Project("{AA6C8D78-22FF-423A-9C7C-5F2393824E04}") = "TGQ", "TGQ\TGQ.xsproj", "{563009E8-FA82-4748-BD3B-56B764BDF05C}"
EndProject
Project("{AA6C8D78-22FF-423A-9C7C-5F2393824E04}") = "Viabilidade", "Viabilidade\Viabilidade.xsproj", "{3ED83A8B-521C-4D5B-8C57-B54FF8A4A0D6}"
EndProject
Project("{AA6C8D78-22FF-423A-9C7C-5F2393824E04}") = "voretrun", "voretrun\voretrun.xsproj", "{2D5BF02E-4DDA-4AF6-9D70-764C295E8674}"
EndProject
Project("{AA6C8D78-22FF-423A-9C7C-5F2393824E04}") = "SQLite", "sqlite\SQLite.xsproj", "{579ACACB-1A26-422B-996D-4367C3A3C5E0}"
EndProject
Project("{AA6C8D78-22FF-423A-9C7C-5F2393824E04}") = "FabPaintLib", "FabPaintLib\FabPaintLib.xsproj", "{0272327B-FC8C-4B26-A0CB-41EB7F1D945E}"
EndProject
Project("{AA6C8D78-22FF-423A-9C7C-5F2393824E04}") = "FabPaintLib_Control", "FabPaintLib_Control\FabPaintLib_Control.xsproj", "{E7092356-5697-44DF-A3E2-3921F23D78C9}"
EndProject
Project("{AA6C8D78-22FF-423A-9C7C-5F2393824E04}") = "RightSLE", "RightSLE\RightSLE.xsproj", "{AEFF5F90-789F-40C7-93EF-00A737258B89}"
EndProject
Project("{AA6C8D78-22FF-423A-9C7C-5F2393824E04}") = "BLPrinter", "BL Printer\BLPrinter.xsproj", "{C3416137-9745-4EB6-8801-04769998785D}"
EndProject
Global
	GlobalSection(SolutionConfigurationPlatforms) = preSolution
		Debug|Any CPU = Debug|Any CPU
		Release|Any CPU = Release|Any CPU
	EndGlobalSection
	GlobalSection(ProjectConfigurationPlatforms) = postSolution
		{0599A978-2A64-449C-B367-757F6A1F9EB8}.Debug|Any CPU.ActiveCfg = Debug|Any CPU
		{0599A978-2A64-449C-B367-757F6A1F9EB8}.Debug|Any CPU.Build.0 = Debug|Any CPU
		{0599A978-2A64-449C-B367-757F6A1F9EB8}.Release|Any CPU.ActiveCfg = Release|Any CPU
		{0599A978-2A64-449C-B367-757F6A1F9EB8}.Release|Any CPU.Build.0 = Release|Any CPU
		{91F5A977-216A-4591-9E7A-BC3526FEE24F}.Debug|Any CPU.ActiveCfg = Debug|Any CPU
		{91F5A977-216A-4591-9E7A-BC3526FEE24F}.Debug|Any CPU.Build.0 = Debug|Any CPU
		{91F5A977-216A-4591-9E7A-BC3526FEE24F}.Release|Any CPU.ActiveCfg = Release|Any CPU
		{91F5A977-216A-4591-9E7A-BC3526FEE24F}.Release|Any CPU.Build.0 = Release|Any CPU
		{8FEB4D97-7DF3-457A-BF27-ADCD603ED700}.Debug|Any CPU.ActiveCfg = Debug|Any CPU
		{8FEB4D97-7DF3-457A-BF27-ADCD603ED700}.Debug|Any CPU.Build.0 = Debug|Any CPU
		{8FEB4D97-7DF3-457A-BF27-ADCD603ED700}.Release|Any CPU.ActiveCfg = Release|Any CPU
		{8FEB4D97-7DF3-457A-BF27-ADCD603ED700}.Release|Any CPU.Build.0 = Release|Any CPU
		{0823537B-52EF-441F-A2F1-F8D4A38E93AB}.Debug|Any CPU.ActiveCfg = Debug|Any CPU
		{0823537B-52EF-441F-A2F1-F8D4A38E93AB}.Debug|Any CPU.Build.0 = Debug|Any CPU
		{0823537B-52EF-441F-A2F1-F8D4A38E93AB}.Release|Any CPU.ActiveCfg = Release|Any CPU
		{0823537B-52EF-441F-A2F1-F8D4A38E93AB}.Release|Any CPU.Build.0 = Release|Any CPU
		{C31B2453-CA15-40ED-87E4-38B1CED641C2}.Debug|Any CPU.ActiveCfg = Debug|Any CPU
		{C31B2453-CA15-40ED-87E4-38B1CED641C2}.Debug|Any CPU.Build.0 = Debug|Any CPU
		{C31B2453-CA15-40ED-87E4-38B1CED641C2}.Release|Any CPU.ActiveCfg = Release|Any CPU
		{C31B2453-CA15-40ED-87E4-38B1CED641C2}.Release|Any CPU.Build.0 = Release|Any CPU
		{8392522E-B59B-4901-94AF-C6A28BD1D39B}.Debug|Any CPU.ActiveCfg = Debug|Any CPU
		{8392522E-B59B-4901-94AF-C6A28BD1D39B}.Debug|Any CPU.Build.0 = Debug|Any CPU
		{8392522E-B59B-4901-94AF-C6A28BD1D39B}.Release|Any CPU.ActiveCfg = Release|Any CPU
		{8392522E-B59B-4901-94AF-C6A28BD1D39B}.Release|Any CPU.Build.0 = Release|Any CPU
		{B70C2FCF-2F9E-45B9-B780-D9A82056831C}.Debug|Any CPU.ActiveCfg = Debug|Any CPU
		{B70C2FCF-2F9E-45B9-B780-D9A82056831C}.Debug|Any CPU.Build.0 = Debug|Any CPU
		{B70C2FCF-2F9E-45B9-B780-D9A82056831C}.Release|Any CPU.ActiveCfg = Release|Any CPU
		{B70C2FCF-2F9E-45B9-B780-D9A82056831C}.Release|Any CPU.Build.0 = Release|Any CPU
		{E0DC4BB9-4528-450F-AC24-7DC3B62061E5}.Debug|Any CPU.ActiveCfg = Debug|Any CPU
		{E0DC4BB9-4528-450F-AC24-7DC3B62061E5}.Debug|Any CPU.Build.0 = Debug|Any CPU
		{E0DC4BB9-4528-450F-AC24-7DC3B62061E5}.Release|Any CPU.ActiveCfg = Release|Any CPU
		{E0DC4BB9-4528-450F-AC24-7DC3B62061E5}.Release|Any CPU.Build.0 = Release|Any CPU
		{CBA4B424-C0DE-4F86-9D50-F426DD7EA099}.Debug|Any CPU.ActiveCfg = Debug|Any CPU
		{CBA4B424-C0DE-4F86-9D50-F426DD7EA099}.Debug|Any CPU.Build.0 = Debug|Any CPU
		{CBA4B424-C0DE-4F86-9D50-F426DD7EA099}.Release|Any CPU.ActiveCfg = Release|Any CPU
		{CBA4B424-C0DE-4F86-9D50-F426DD7EA099}.Release|Any CPU.Build.0 = Release|Any CPU
		{47215673-C8DC-4E7B-9AF4-8A316A3B26EC}.Debug|Any CPU.ActiveCfg = Debug|Any CPU
		{47215673-C8DC-4E7B-9AF4-8A316A3B26EC}.Debug|Any CPU.Build.0 = Debug|Any CPU
		{47215673-C8DC-4E7B-9AF4-8A316A3B26EC}.Release|Any CPU.ActiveCfg = Release|Any CPU
		{47215673-C8DC-4E7B-9AF4-8A316A3B26EC}.Release|Any CPU.Build.0 = Release|Any CPU
		{E6085FB6-FA63-44EB-AA39-A7260F0030F7}.Debug|Any CPU.ActiveCfg = Debug|Any CPU
		{E6085FB6-FA63-44EB-AA39-A7260F0030F7}.Debug|Any CPU.Build.0 = Debug|Any CPU
		{E6085FB6-FA63-44EB-AA39-A7260F0030F7}.Release|Any CPU.ActiveCfg = Release|Any CPU
		{E6085FB6-FA63-44EB-AA39-A7260F0030F7}.Release|Any CPU.Build.0 = Release|Any CPU
		{2A6E3FA9-539C-4545-8B71-8244C82F83E4}.Debug|Any CPU.ActiveCfg = Debug|Any CPU
		{2A6E3FA9-539C-4545-8B71-8244C82F83E4}.Debug|Any CPU.Build.0 = Debug|Any CPU
		{2A6E3FA9-539C-4545-8B71-8244C82F83E4}.Release|Any CPU.ActiveCfg = Release|Any CPU
		{2A6E3FA9-539C-4545-8B71-8244C82F83E4}.Release|Any CPU.Build.0 = Release|Any CPU
		{DAA80735-93E9-4EC2-BE93-2458C6948994}.Debug|Any CPU.ActiveCfg = Debug|Any CPU
		{DAA80735-93E9-4EC2-BE93-2458C6948994}.Debug|Any CPU.Build.0 = Debug|Any CPU
		{DAA80735-93E9-4EC2-BE93-2458C6948994}.Release|Any CPU.ActiveCfg = Release|Any CPU
		{DAA80735-93E9-4EC2-BE93-2458C6948994}.Release|Any CPU.Build.0 = Release|Any CPU
		{76D14B47-5B0A-4801-B2DE-AA08F2F55EF2}.Debug|Any CPU.ActiveCfg = Debug|Any CPU
		{76D14B47-5B0A-4801-B2DE-AA08F2F55EF2}.Debug|Any CPU.Build.0 = Debug|Any CPU
		{76D14B47-5B0A-4801-B2DE-AA08F2F55EF2}.Release|Any CPU.ActiveCfg = Release|Any CPU
		{76D14B47-5B0A-4801-B2DE-AA08F2F55EF2}.Release|Any CPU.Build.0 = Release|Any CPU
		{DFB3E267-A28E-4423-80D0-A8755FB96E8D}.Debug|Any CPU.ActiveCfg = Debug|Any CPU
		{DFB3E267-A28E-4423-80D0-A8755FB96E8D}.Debug|Any CPU.Build.0 = Debug|Any CPU
		{DFB3E267-A28E-4423-80D0-A8755FB96E8D}.Release|Any CPU.ActiveCfg = Release|Any CPU
		{DFB3E267-A28E-4423-80D0-A8755FB96E8D}.Release|Any CPU.Build.0 = Release|Any CPU
		{70AF34E1-68B8-4950-84FB-A4564455676D}.Debug|Any CPU.ActiveCfg = Debug|Any CPU
		{70AF34E1-68B8-4950-84FB-A4564455676D}.Debug|Any CPU.Build.0 = Debug|Any CPU
		{70AF34E1-68B8-4950-84FB-A4564455676D}.Release|Any CPU.ActiveCfg = Release|Any CPU
		{70AF34E1-68B8-4950-84FB-A4564455676D}.Release|Any CPU.Build.0 = Release|Any CPU
		{C74D47F3-832A-4082-8F2D-17E303CBB3DA}.Debug|Any CPU.ActiveCfg = Debug|Any CPU
		{C74D47F3-832A-4082-8F2D-17E303CBB3DA}.Debug|Any CPU.Build.0 = Debug|Any CPU
		{C74D47F3-832A-4082-8F2D-17E303CBB3DA}.Release|Any CPU.ActiveCfg = Release|Any CPU
		{C74D47F3-832A-4082-8F2D-17E303CBB3DA}.Release|Any CPU.Build.0 = Release|Any CPU
		{3B620C79-B95A-4A87-ADD7-B59A97BE78C1}.Debug|Any CPU.ActiveCfg = Debug|Any CPU
		{3B620C79-B95A-4A87-ADD7-B59A97BE78C1}.Debug|Any CPU.Build.0 = Debug|Any CPU
		{3B620C79-B95A-4A87-ADD7-B59A97BE78C1}.Release|Any CPU.ActiveCfg = Release|Any CPU
		{3B620C79-B95A-4A87-ADD7-B59A97BE78C1}.Release|Any CPU.Build.0 = Release|Any CPU
		{9FD9AEBB-5999-4610-816E-58B1E68C5913}.Debug|Any CPU.ActiveCfg = Debug|Any CPU
		{9FD9AEBB-5999-4610-816E-58B1E68C5913}.Debug|Any CPU.Build.0 = Debug|Any CPU
		{9FD9AEBB-5999-4610-816E-58B1E68C5913}.Release|Any CPU.ActiveCfg = Release|Any CPU
		{9FD9AEBB-5999-4610-816E-58B1E68C5913}.Release|Any CPU.Build.0 = Release|Any CPU
		{82484E5D-4FD7-4F59-9077-821F3F7C750B}.Debug|Any CPU.ActiveCfg = Debug|Any CPU
		{82484E5D-4FD7-4F59-9077-821F3F7C750B}.Debug|Any CPU.Build.0 = Debug|Any CPU
		{82484E5D-4FD7-4F59-9077-821F3F7C750B}.Release|Any CPU.ActiveCfg = Release|Any CPU
		{82484E5D-4FD7-4F59-9077-821F3F7C750B}.Release|Any CPU.Build.0 = Release|Any CPU
		{5FDCFBEC-5D5C-41ED-A55A-6F40554B5152}.Debug|Any CPU.ActiveCfg = Debug|Any CPU
		{5FDCFBEC-5D5C-41ED-A55A-6F40554B5152}.Debug|Any CPU.Build.0 = Debug|Any CPU
		{5FDCFBEC-5D5C-41ED-A55A-6F40554B5152}.Release|Any CPU.ActiveCfg = Release|Any CPU
		{5FDCFBEC-5D5C-41ED-A55A-6F40554B5152}.Release|Any CPU.Build.0 = Release|Any CPU
		{26E915F8-5C7D-4746-B87C-6EBCF336E4C6}.Debug|Any CPU.ActiveCfg = Debug|Any CPU
		{26E915F8-5C7D-4746-B87C-6EBCF336E4C6}.Debug|Any CPU.Build.0 = Debug|Any CPU
		{26E915F8-5C7D-4746-B87C-6EBCF336E4C6}.Release|Any CPU.ActiveCfg = Release|Any CPU
		{26E915F8-5C7D-4746-B87C-6EBCF336E4C6}.Release|Any CPU.Build.0 = Release|Any CPU
		{4BF79407-1C84-4CB1-88E6-D3F435490AFB}.Debug|Any CPU.ActiveCfg = Debug|Any CPU
		{4BF79407-1C84-4CB1-88E6-D3F435490AFB}.Debug|Any CPU.Build.0 = Debug|Any CPU
		{4BF79407-1C84-4CB1-88E6-D3F435490AFB}.Release|Any CPU.ActiveCfg = Release|Any CPU
		{4BF79407-1C84-4CB1-88E6-D3F435490AFB}.Release|Any CPU.Build.0 = Release|Any CPU
		{FD34DE45-2EC6-44A6-B589-9E91F4ECEFCF}.Debug|Any CPU.ActiveCfg = Debug|Any CPU
		{FD34DE45-2EC6-44A6-B589-9E91F4ECEFCF}.Debug|Any CPU.Build.0 = Debug|Any CPU
		{FD34DE45-2EC6-44A6-B589-9E91F4ECEFCF}.Release|Any CPU.ActiveCfg = Release|Any CPU
		{FD34DE45-2EC6-44A6-B589-9E91F4ECEFCF}.Release|Any CPU.Build.0 = Release|Any CPU
		{A45E7076-EAF2-420C-96FE-292C763BC05D}.Debug|Any CPU.ActiveCfg = Debug|Any CPU
		{A45E7076-EAF2-420C-96FE-292C763BC05D}.Debug|Any CPU.Build.0 = Debug|Any CPU
		{A45E7076-EAF2-420C-96FE-292C763BC05D}.Release|Any CPU.ActiveCfg = Release|Any CPU
		{A45E7076-EAF2-420C-96FE-292C763BC05D}.Release|Any CPU.Build.0 = Release|Any CPU
		{B14CC476-66DB-4D4C-97AB-377543A9DE40}.Debug|Any CPU.ActiveCfg = Debug|Any CPU
		{B14CC476-66DB-4D4C-97AB-377543A9DE40}.Debug|Any CPU.Build.0 = Debug|Any CPU
		{B14CC476-66DB-4D4C-97AB-377543A9DE40}.Release|Any CPU.ActiveCfg = Release|Any CPU
		{B14CC476-66DB-4D4C-97AB-377543A9DE40}.Release|Any CPU.Build.0 = Release|Any CPU
		{A86B4612-1E6F-47B7-8225-D35826E59122}.Debug|Any CPU.ActiveCfg = Debug|Any CPU
		{A86B4612-1E6F-47B7-8225-D35826E59122}.Debug|Any CPU.Build.0 = Debug|Any CPU
		{A86B4612-1E6F-47B7-8225-D35826E59122}.Release|Any CPU.ActiveCfg = Release|Any CPU
		{A86B4612-1E6F-47B7-8225-D35826E59122}.Release|Any CPU.Build.0 = Release|Any CPU
		{B1F0F2CE-18C1-4AC6-B6DB-A20F12E81432}.Debug|Any CPU.ActiveCfg = Debug|Any CPU
		{B1F0F2CE-18C1-4AC6-B6DB-A20F12E81432}.Debug|Any CPU.Build.0 = Debug|Any CPU
		{B1F0F2CE-18C1-4AC6-B6DB-A20F12E81432}.Release|Any CPU.ActiveCfg = Release|Any CPU
		{B1F0F2CE-18C1-4AC6-B6DB-A20F12E81432}.Release|Any CPU.Build.0 = Release|Any CPU
		{58659F61-DC71-4302-8AF2-A70DAABE2944}.Debug|Any CPU.ActiveCfg = Debug|Any CPU
		{58659F61-DC71-4302-8AF2-A70DAABE2944}.Debug|Any CPU.Build.0 = Debug|Any CPU
		{58659F61-DC71-4302-8AF2-A70DAABE2944}.Release|Any CPU.ActiveCfg = Release|Any CPU
		{58659F61-DC71-4302-8AF2-A70DAABE2944}.Release|Any CPU.Build.0 = Release|Any CPU
		{ECB1357D-F2A5-48C7-BE21-047C09BD1A14}.Debug|Any CPU.ActiveCfg = Debug|Any CPU
		{ECB1357D-F2A5-48C7-BE21-047C09BD1A14}.Debug|Any CPU.Build.0 = Debug|Any CPU
		{ECB1357D-F2A5-48C7-BE21-047C09BD1A14}.Release|Any CPU.ActiveCfg = Release|Any CPU
		{ECB1357D-F2A5-48C7-BE21-047C09BD1A14}.Release|Any CPU.Build.0 = Release|Any CPU
		{2FF24B9C-BA3D-40BD-8105-B6DA17FC84DD}.Debug|Any CPU.ActiveCfg = Debug|Any CPU
		{2FF24B9C-BA3D-40BD-8105-B6DA17FC84DD}.Debug|Any CPU.Build.0 = Debug|Any CPU
		{2FF24B9C-BA3D-40BD-8105-B6DA17FC84DD}.Release|Any CPU.ActiveCfg = Release|Any CPU
		{2FF24B9C-BA3D-40BD-8105-B6DA17FC84DD}.Release|Any CPU.Build.0 = Release|Any CPU
		{FAAB6A04-22A6-4CC0-90A8-FE7980A12FC9}.Debug|Any CPU.ActiveCfg = Debug|Any CPU
		{FAAB6A04-22A6-4CC0-90A8-FE7980A12FC9}.Debug|Any CPU.Build.0 = Debug|Any CPU
		{FAAB6A04-22A6-4CC0-90A8-FE7980A12FC9}.Release|Any CPU.ActiveCfg = Release|Any CPU
		{FAAB6A04-22A6-4CC0-90A8-FE7980A12FC9}.Release|Any CPU.Build.0 = Release|Any CPU
		{095EF471-1324-462A-99FB-97A41C6B6D91}.Debug|Any CPU.ActiveCfg = Debug|Any CPU
		{095EF471-1324-462A-99FB-97A41C6B6D91}.Debug|Any CPU.Build.0 = Debug|Any CPU
		{095EF471-1324-462A-99FB-97A41C6B6D91}.Release|Any CPU.ActiveCfg = Release|Any CPU
		{095EF471-1324-462A-99FB-97A41C6B6D91}.Release|Any CPU.Build.0 = Release|Any CPU
		{D260B57B-C8DD-4A07-9CB0-8BB444FB098C}.Debug|Any CPU.ActiveCfg = Debug|Any CPU
		{D260B57B-C8DD-4A07-9CB0-8BB444FB098C}.Debug|Any CPU.Build.0 = Debug|Any CPU
		{D260B57B-C8DD-4A07-9CB0-8BB444FB098C}.Release|Any CPU.ActiveCfg = Release|Any CPU
		{D260B57B-C8DD-4A07-9CB0-8BB444FB098C}.Release|Any CPU.Build.0 = Release|Any CPU
		{1DA7463B-8F8E-4EE7-A783-827C4C1783DC}.Debug|Any CPU.ActiveCfg = Debug|Any CPU
		{1DA7463B-8F8E-4EE7-A783-827C4C1783DC}.Debug|Any CPU.Build.0 = Debug|Any CPU
		{1DA7463B-8F8E-4EE7-A783-827C4C1783DC}.Release|Any CPU.ActiveCfg = Release|Any CPU
		{1DA7463B-8F8E-4EE7-A783-827C4C1783DC}.Release|Any CPU.Build.0 = Release|Any CPU
		{563009E8-FA82-4748-BD3B-56B764BDF05C}.Debug|Any CPU.ActiveCfg = Debug|Any CPU
		{563009E8-FA82-4748-BD3B-56B764BDF05C}.Debug|Any CPU.Build.0 = Debug|Any CPU
		{563009E8-FA82-4748-BD3B-56B764BDF05C}.Release|Any CPU.ActiveCfg = Release|Any CPU
		{563009E8-FA82-4748-BD3B-56B764BDF05C}.Release|Any CPU.Build.0 = Release|Any CPU
		{3ED83A8B-521C-4D5B-8C57-B54FF8A4A0D6}.Debug|Any CPU.ActiveCfg = Debug|Any CPU
		{3ED83A8B-521C-4D5B-8C57-B54FF8A4A0D6}.Debug|Any CPU.Build.0 = Debug|Any CPU
		{3ED83A8B-521C-4D5B-8C57-B54FF8A4A0D6}.Release|Any CPU.ActiveCfg = Release|Any CPU
		{3ED83A8B-521C-4D5B-8C57-B54FF8A4A0D6}.Release|Any CPU.Build.0 = Release|Any CPU
		{2D5BF02E-4DDA-4AF6-9D70-764C295E8674}.Debug|Any CPU.ActiveCfg = Debug|Any CPU
		{2D5BF02E-4DDA-4AF6-9D70-764C295E8674}.Debug|Any CPU.Build.0 = Debug|Any CPU
		{2D5BF02E-4DDA-4AF6-9D70-764C295E8674}.Release|Any CPU.ActiveCfg = Release|Any CPU
		{2D5BF02E-4DDA-4AF6-9D70-764C295E8674}.Release|Any CPU.Build.0 = Release|Any CPU
		{579ACACB-1A26-422B-996D-4367C3A3C5E0}.Debug|Any CPU.ActiveCfg = Debug|Any CPU
		{579ACACB-1A26-422B-996D-4367C3A3C5E0}.Debug|Any CPU.Build.0 = Debug|Any CPU
		{579ACACB-1A26-422B-996D-4367C3A3C5E0}.Release|Any CPU.ActiveCfg = Release|Any CPU
		{579ACACB-1A26-422B-996D-4367C3A3C5E0}.Release|Any CPU.Build.0 = Release|Any CPU
		{0272327B-FC8C-4B26-A0CB-41EB7F1D945E}.Debug|Any CPU.ActiveCfg = Debug|Any CPU
		{0272327B-FC8C-4B26-A0CB-41EB7F1D945E}.Debug|Any CPU.Build.0 = Debug|Any CPU
		{0272327B-FC8C-4B26-A0CB-41EB7F1D945E}.Release|Any CPU.ActiveCfg = Release|Any CPU
		{0272327B-FC8C-4B26-A0CB-41EB7F1D945E}.Release|Any CPU.Build.0 = Release|Any CPU
		{E7092356-5697-44DF-A3E2-3921F23D78C9}.Debug|Any CPU.ActiveCfg = Debug|Any CPU
		{E7092356-5697-44DF-A3E2-3921F23D78C9}.Debug|Any CPU.Build.0 = Debug|Any CPU
		{E7092356-5697-44DF-A3E2-3921F23D78C9}.Release|Any CPU.ActiveCfg = Release|Any CPU
		{E7092356-5697-44DF-A3E2-3921F23D78C9}.Release|Any CPU.Build.0 = Release|Any CPU
		{AEFF5F90-789F-40C7-93EF-00A737258B89}.Debug|Any CPU.ActiveCfg = Debug|Any CPU
		{AEFF5F90-789F-40C7-93EF-00A737258B89}.Debug|Any CPU.Build.0 = Debug|Any CPU
		{AEFF5F90-789F-40C7-93EF-00A737258B89}.Release|Any CPU.ActiveCfg = Release|Any CPU
		{AEFF5F90-789F-40C7-93EF-00A737258B89}.Release|Any CPU.Build.0 = Release|Any CPU
		{C3416137-9745-4EB6-8801-04769998785D}.Debug|Any CPU.ActiveCfg = Debug|Any CPU
		{C3416137-9745-4EB6-8801-04769998785D}.Debug|Any CPU.Build.0 = Debug|Any CPU
		{C3416137-9745-4EB6-8801-04769998785D}.Release|Any CPU.ActiveCfg = Release|Any CPU
		{C3416137-9745-4EB6-8801-04769998785D}.Release|Any CPU.Build.0 = Release|Any CPU
	EndGlobalSection
	GlobalSection(SolutionProperties) = preSolution
		HideSolutionNode = FALSE
	EndGlobalSection
	GlobalSection(ExtensibilityGlobals) = postSolution
		SolutionGuid = {0CF9804C-A408-4916-8F52-10D8DD12A2B6}
	EndGlobalSection
EndGlobal
